
Microsoft Visual Studio Solution File, Format Version 12.00
# Visual Studio Version 17
VisualStudioVersion = 17.1.32210.238
MinimumVisualStudioVersion = 10.0.40219.1
Project("{9A19103F-16F7-4668-BE54-9A1E7A4F7556}") = "GuidDemo", "GuidDemo\GuidDemo.csproj", "{6093AB6B-13F0-4B6F-ABA8-EE678A5E100D}"
EndProject
Project("{FAE04EC0-301F-11D3-BF4B-00C04F79EFBC}") = "ValidationForUserRegister", "ValidationForUserRegister\ValidationForUserRegister.csproj", "{769A9810-C63A-44B2-BD9E-8988D2AD752D}"
EndProject
Project("{FAE04EC0-301F-11D3-BF4B-00C04F79EFBC}") = "EnumDemo", "EnumDemo\EnumDemo.csproj", "{856A7AE7-4090-4A65-950F-8B19F824DF75}"
EndProject
Project("{2150E333-8FDC-42A3-9474-1A3956D46DE8}") = "23_Enum", "23_Enum", "{09742338-C0C0-41ED-8E9D-5E2334F62CBF}"
EndProject
Project("{2150E333-8FDC-42A3-9474-1A3956D46DE8}") = "22_Struct", "22_Struct", "{EFFB78A1-1227-4941-81D1-474AE2BF2E02}"
EndProject
Project("{FAE04EC0-301F-11D3-BF4B-00C04F79EFBC}") = "EnumAnimal", "EnumAnimal\EnumAnimal.csproj", "{968B4B86-991F-4BF1-B829-8A89E170C632}"
EndProject
Project("{FAE04EC0-301F-11D3-BF4B-00C04F79EFBC}") = "ClassDemo", "ClassDemo\ClassDemo.csproj", "{FD5038A1-E510-4556-ACF4-2DED6DBEF222}"
EndProject
Project("{2150E333-8FDC-42A3-9474-1A3956D46DE8}") = "24_String", "24_String", "{99A98F7E-FB31-4301-B19B-B8615446AC03}"
EndProject
Project("{FAE04EC0-301F-11D3-BF4B-00C04F79EFBC}") = "StringHandler", "StringHandler\StringHandler.csproj", "{83170AA2-F736-443F-9737-F3B6DD9D0264}"
EndProject
Project("{2150E333-8FDC-42A3-9474-1A3956D46DE8}") = "26_Exception", "26_Exception", "{ED789CD2-5626-4734-85EA-CC93A0D9FC34}"
	ProjectSection(SolutionItems) = preProject
		Exception.txt = Exception.txt
	EndProjectSection
EndProject
Project("{FAE04EC0-301F-11D3-BF4B-00C04F79EFBC}") = "ExceptionDemo", "ExceptionDemo\ExceptionDemo.csproj", "{27645FA5-B552-439F-8B08-418107E52643}"
EndProject
Project("{FAE04EC0-301F-11D3-BF4B-00C04F79EFBC}") = "TryCatchFinally", "TryCatchFinally\TryCatchFinally.csproj", "{8F162DB2-C3A2-4558-90F7-D002C0778BAC}"
EndProject
Project("{2150E333-8FDC-42A3-9474-1A3956D46DE8}") = "25_Class", "25_Class", "{0736C5CA-F0FD-4F22-A12D-7D1F85BA1801}"
EndProject
Project("{FAE04EC0-301F-11D3-BF4B-00C04F79EFBC}") = "Throw", "Throw\Throw.csproj", "{B696F6D2-57AF-4888-A018-F8CB5993509E}"
EndProject
Project("{2150E333-8FDC-42A3-9474-1A3956D46DE8}") = "27_Collection", "27_Collection", "{A8D2C9E0-E0F7-4AE5-A329-78B830DBD934}"
	ProjectSection(SolutionItems) = preProject
		Collection.txt = Collection.txt
	EndProjectSection
EndProject
Project("{FAE04EC0-301F-11D3-BF4B-00C04F79EFBC}") = "StackDemo", "CollectionDemo\StackDemo.csproj", "{F6818660-BD43-48C0-81B3-BEC59B9F05DD}"
EndProject
Project("{FAE04EC0-301F-11D3-BF4B-00C04F79EFBC}") = "QueueDemo", "QueueDemo\QueueDemo.csproj", "{A5E19E3B-6D76-4720-8C58-274ACCBB7408}"
EndProject
Project("{FAE04EC0-301F-11D3-BF4B-00C04F79EFBC}") = "CreateStackAndQueue", "StackAndQueue\CreateStackAndQueue.csproj", "{73C8E0F8-FCAF-4D37-828A-7736C29D0592}"
EndProject
Project("{FAE04EC0-301F-11D3-BF4B-00C04F79EFBC}") = "ArrayListDemo", "ArrayListDemo\ArrayListDemo.csproj", "{308BA4CC-B413-4742-B28C-B5A765D3B6AC}"
EndProject
Project("{FAE04EC0-301F-11D3-BF4B-00C04F79EFBC}") = "HashTableDemo", "HashTableDemo\HashTableDemo.csproj", "{88EE2CA6-25AB-4B2D-999A-09716719FFAB}"
EndProject
Project("{2150E333-8FDC-42A3-9474-1A3956D46DE8}") = "28_Collections.Generic", "28_Collections.Generic", "{C0E399AE-FF4B-4DCE-9259-2E7C958702DE}"
	ProjectSection(SolutionItems) = preProject
		Generic.txt = Generic.txt
	EndProjectSection
EndProject
Project("{FAE04EC0-301F-11D3-BF4B-00C04F79EFBC}") = "StackDemo", "StackDemo\StackDemo.csproj", "{F3DF6059-E187-4AEE-9A0C-AE61E415F65D}"
EndProject
Project("{FAE04EC0-301F-11D3-BF4B-00C04F79EFBC}") = "ListGeneric", "ListGeneric\ListGeneric.csproj", "{AF676379-4EED-4829-B466-F9EE89822B44}"
EndProject
Project("{FAE04EC0-301F-11D3-BF4B-00C04F79EFBC}") = "EnumerableDemo", "Enumerable\EnumerableDemo.csproj", "{BAECE2DA-067E-4252-B7A2-A6B898C20A51}"
EndProject
Project("{FAE04EC0-301F-11D3-BF4B-00C04F79EFBC}") = "DictionaryDemo", "DictionaryDemo\DictionaryDemo.csproj", "{EE1F1DA0-A1D5-49A6-AC85-53C1B0915544}"
EndProject
Global
	GlobalSection(SolutionConfigurationPlatforms) = preSolution
		Debug|Any CPU = Debug|Any CPU
		Release|Any CPU = Release|Any CPU
	EndGlobalSection
	GlobalSection(ProjectConfigurationPlatforms) = postSolution
		{6093AB6B-13F0-4B6F-ABA8-EE678A5E100D}.Debug|Any CPU.ActiveCfg = Debug|Any CPU
		{6093AB6B-13F0-4B6F-ABA8-EE678A5E100D}.Debug|Any CPU.Build.0 = Debug|Any CPU
		{6093AB6B-13F0-4B6F-ABA8-EE678A5E100D}.Release|Any CPU.ActiveCfg = Release|Any CPU
		{6093AB6B-13F0-4B6F-ABA8-EE678A5E100D}.Release|Any CPU.Build.0 = Release|Any CPU
		{769A9810-C63A-44B2-BD9E-8988D2AD752D}.Debug|Any CPU.ActiveCfg = Debug|Any CPU
		{769A9810-C63A-44B2-BD9E-8988D2AD752D}.Debug|Any CPU.Build.0 = Debug|Any CPU
		{769A9810-C63A-44B2-BD9E-8988D2AD752D}.Release|Any CPU.ActiveCfg = Release|Any CPU
		{769A9810-C63A-44B2-BD9E-8988D2AD752D}.Release|Any CPU.Build.0 = Release|Any CPU
		{856A7AE7-4090-4A65-950F-8B19F824DF75}.Debug|Any CPU.ActiveCfg = Debug|Any CPU
		{856A7AE7-4090-4A65-950F-8B19F824DF75}.Debug|Any CPU.Build.0 = Debug|Any CPU
		{856A7AE7-4090-4A65-950F-8B19F824DF75}.Release|Any CPU.ActiveCfg = Release|Any CPU
		{856A7AE7-4090-4A65-950F-8B19F824DF75}.Release|Any CPU.Build.0 = Release|Any CPU
		{968B4B86-991F-4BF1-B829-8A89E170C632}.Debug|Any CPU.ActiveCfg = Debug|Any CPU
		{968B4B86-991F-4BF1-B829-8A89E170C632}.Debug|Any CPU.Build.0 = Debug|Any CPU
		{968B4B86-991F-4BF1-B829-8A89E170C632}.Release|Any CPU.ActiveCfg = Release|Any CPU
		{968B4B86-991F-4BF1-B829-8A89E170C632}.Release|Any CPU.Build.0 = Release|Any CPU
		{FD5038A1-E510-4556-ACF4-2DED6DBEF222}.Debug|Any CPU.ActiveCfg = Debug|Any CPU
		{FD5038A1-E510-4556-ACF4-2DED6DBEF222}.Debug|Any CPU.Build.0 = Debug|Any CPU
		{FD5038A1-E510-4556-ACF4-2DED6DBEF222}.Release|Any CPU.ActiveCfg = Release|Any CPU
		{FD5038A1-E510-4556-ACF4-2DED6DBEF222}.Release|Any CPU.Build.0 = Release|Any CPU
		{83170AA2-F736-443F-9737-F3B6DD9D0264}.Debug|Any CPU.ActiveCfg = Debug|Any CPU
		{83170AA2-F736-443F-9737-F3B6DD9D0264}.Debug|Any CPU.Build.0 = Debug|Any CPU
		{83170AA2-F736-443F-9737-F3B6DD9D0264}.Release|Any CPU.ActiveCfg = Release|Any CPU
		{83170AA2-F736-443F-9737-F3B6DD9D0264}.Release|Any CPU.Build.0 = Release|Any CPU
		{27645FA5-B552-439F-8B08-418107E52643}.Debug|Any CPU.ActiveCfg = Debug|Any CPU
		{27645FA5-B552-439F-8B08-418107E52643}.Debug|Any CPU.Build.0 = Debug|Any CPU
		{27645FA5-B552-439F-8B08-418107E52643}.Release|Any CPU.ActiveCfg = Release|Any CPU
		{27645FA5-B552-439F-8B08-418107E52643}.Release|Any CPU.Build.0 = Release|Any CPU
		{8F162DB2-C3A2-4558-90F7-D002C0778BAC}.Debug|Any CPU.ActiveCfg = Debug|Any CPU
		{8F162DB2-C3A2-4558-90F7-D002C0778BAC}.Debug|Any CPU.Build.0 = Debug|Any CPU
		{8F162DB2-C3A2-4558-90F7-D002C0778BAC}.Release|Any CPU.ActiveCfg = Release|Any CPU
		{8F162DB2-C3A2-4558-90F7-D002C0778BAC}.Release|Any CPU.Build.0 = Release|Any CPU
		{B696F6D2-57AF-4888-A018-F8CB5993509E}.Debug|Any CPU.ActiveCfg = Debug|Any CPU
		{B696F6D2-57AF-4888-A018-F8CB5993509E}.Debug|Any CPU.Build.0 = Debug|Any CPU
		{B696F6D2-57AF-4888-A018-F8CB5993509E}.Release|Any CPU.ActiveCfg = Release|Any CPU
		{B696F6D2-57AF-4888-A018-F8CB5993509E}.Release|Any CPU.Build.0 = Release|Any CPU
		{F6818660-BD43-48C0-81B3-BEC59B9F05DD}.Debug|Any CPU.ActiveCfg = Debug|Any CPU
		{F6818660-BD43-48C0-81B3-BEC59B9F05DD}.Debug|Any CPU.Build.0 = Debug|Any CPU
		{F6818660-BD43-48C0-81B3-BEC59B9F05DD}.Release|Any CPU.ActiveCfg = Release|Any CPU
		{F6818660-BD43-48C0-81B3-BEC59B9F05DD}.Release|Any CPU.Build.0 = Release|Any CPU
		{A5E19E3B-6D76-4720-8C58-274ACCBB7408}.Debug|Any CPU.ActiveCfg = Debug|Any CPU
		{A5E19E3B-6D76-4720-8C58-274ACCBB7408}.Debug|Any CPU.Build.0 = Debug|Any CPU
		{A5E19E3B-6D76-4720-8C58-274ACCBB7408}.Release|Any CPU.ActiveCfg = Release|Any CPU
		{A5E19E3B-6D76-4720-8C58-274ACCBB7408}.Release|Any CPU.Build.0 = Release|Any CPU
		{73C8E0F8-FCAF-4D37-828A-7736C29D0592}.Debug|Any CPU.ActiveCfg = Debug|Any CPU
		{73C8E0F8-FCAF-4D37-828A-7736C29D0592}.Debug|Any CPU.Build.0 = Debug|Any CPU
		{73C8E0F8-FCAF-4D37-828A-7736C29D0592}.Release|Any CPU.ActiveCfg = Release|Any CPU
		{73C8E0F8-FCAF-4D37-828A-7736C29D0592}.Release|Any CPU.Build.0 = Release|Any CPU
		{308BA4CC-B413-4742-B28C-B5A765D3B6AC}.Debug|Any CPU.ActiveCfg = Debug|Any CPU
		{308BA4CC-B413-4742-B28C-B5A765D3B6AC}.Debug|Any CPU.Build.0 = Debug|Any CPU
		{308BA4CC-B413-4742-B28C-B5A765D3B6AC}.Release|Any CPU.ActiveCfg = Release|Any CPU
		{308BA4CC-B413-4742-B28C-B5A765D3B6AC}.Release|Any CPU.Build.0 = Release|Any CPU
		{88EE2CA6-25AB-4B2D-999A-09716719FFAB}.Debug|Any CPU.ActiveCfg = Debug|Any CPU
		{88EE2CA6-25AB-4B2D-999A-09716719FFAB}.Debug|Any CPU.Build.0 = Debug|Any CPU
		{88EE2CA6-25AB-4B2D-999A-09716719FFAB}.Release|Any CPU.ActiveCfg = Release|Any CPU
		{88EE2CA6-25AB-4B2D-999A-09716719FFAB}.Release|Any CPU.Build.0 = Release|Any CPU
		{F3DF6059-E187-4AEE-9A0C-AE61E415F65D}.Debug|Any CPU.ActiveCfg = Debug|Any CPU
		{F3DF6059-E187-4AEE-9A0C-AE61E415F65D}.Debug|Any CPU.Build.0 = Debug|Any CPU
		{F3DF6059-E187-4AEE-9A0C-AE61E415F65D}.Release|Any CPU.ActiveCfg = Release|Any CPU
		{F3DF6059-E187-4AEE-9A0C-AE61E415F65D}.Release|Any CPU.Build.0 = Release|Any CPU
		{AF676379-4EED-4829-B466-F9EE89822B44}.Debug|Any CPU.ActiveCfg = Debug|Any CPU
		{AF676379-4EED-4829-B466-F9EE89822B44}.Debug|Any CPU.Build.0 = Debug|Any CPU
		{AF676379-4EED-4829-B466-F9EE89822B44}.Release|Any CPU.ActiveCfg = Release|Any CPU
		{AF676379-4EED-4829-B466-F9EE89822B44}.Release|Any CPU.Build.0 = Release|Any CPU
		{BAECE2DA-067E-4252-B7A2-A6B898C20A51}.Debug|Any CPU.ActiveCfg = Debug|Any CPU
		{BAECE2DA-067E-4252-B7A2-A6B898C20A51}.Debug|Any CPU.Build.0 = Debug|Any CPU
		{BAECE2DA-067E-4252-B7A2-A6B898C20A51}.Release|Any CPU.ActiveCfg = Release|Any CPU
		{BAECE2DA-067E-4252-B7A2-A6B898C20A51}.Release|Any CPU.Build.0 = Release|Any CPU
		{EE1F1DA0-A1D5-49A6-AC85-53C1B0915544}.Debug|Any CPU.ActiveCfg = Debug|Any CPU
		{EE1F1DA0-A1D5-49A6-AC85-53C1B0915544}.Debug|Any CPU.Build.0 = Debug|Any CPU
		{EE1F1DA0-A1D5-49A6-AC85-53C1B0915544}.Release|Any CPU.ActiveCfg = Release|Any CPU
		{EE1F1DA0-A1D5-49A6-AC85-53C1B0915544}.Release|Any CPU.Build.0 = Release|Any CPU
	EndGlobalSection
	GlobalSection(SolutionProperties) = preSolution
		HideSolutionNode = FALSE
	EndGlobalSection
	GlobalSection(NestedProjects) = preSolution
		{6093AB6B-13F0-4B6F-ABA8-EE678A5E100D} = {EFFB78A1-1227-4941-81D1-474AE2BF2E02}
		{769A9810-C63A-44B2-BD9E-8988D2AD752D} = {EFFB78A1-1227-4941-81D1-474AE2BF2E02}
		{856A7AE7-4090-4A65-950F-8B19F824DF75} = {09742338-C0C0-41ED-8E9D-5E2334F62CBF}
		{968B4B86-991F-4BF1-B829-8A89E170C632} = {09742338-C0C0-41ED-8E9D-5E2334F62CBF}
		{FD5038A1-E510-4556-ACF4-2DED6DBEF222} = {0736C5CA-F0FD-4F22-A12D-7D1F85BA1801}
		{83170AA2-F736-443F-9737-F3B6DD9D0264} = {99A98F7E-FB31-4301-B19B-B8615446AC03}
		{27645FA5-B552-439F-8B08-418107E52643} = {ED789CD2-5626-4734-85EA-CC93A0D9FC34}
		{8F162DB2-C3A2-4558-90F7-D002C0778BAC} = {ED789CD2-5626-4734-85EA-CC93A0D9FC34}
		{B696F6D2-57AF-4888-A018-F8CB5993509E} = {ED789CD2-5626-4734-85EA-CC93A0D9FC34}
		{F6818660-BD43-48C0-81B3-BEC59B9F05DD} = {A8D2C9E0-E0F7-4AE5-A329-78B830DBD934}
		{A5E19E3B-6D76-4720-8C58-274ACCBB7408} = {A8D2C9E0-E0F7-4AE5-A329-78B830DBD934}
		{73C8E0F8-FCAF-4D37-828A-7736C29D0592} = {A8D2C9E0-E0F7-4AE5-A329-78B830DBD934}
		{308BA4CC-B413-4742-B28C-B5A765D3B6AC} = {A8D2C9E0-E0F7-4AE5-A329-78B830DBD934}
		{88EE2CA6-25AB-4B2D-999A-09716719FFAB} = {A8D2C9E0-E0F7-4AE5-A329-78B830DBD934}
		{F3DF6059-E187-4AEE-9A0C-AE61E415F65D} = {C0E399AE-FF4B-4DCE-9259-2E7C958702DE}
		{AF676379-4EED-4829-B466-F9EE89822B44} = {C0E399AE-FF4B-4DCE-9259-2E7C958702DE}
		{BAECE2DA-067E-4252-B7A2-A6B898C20A51} = {C0E399AE-FF4B-4DCE-9259-2E7C958702DE}
		{EE1F1DA0-A1D5-49A6-AC85-53C1B0915544} = {C0E399AE-FF4B-4DCE-9259-2E7C958702DE}
	EndGlobalSection
	GlobalSection(ExtensibilityGlobals) = postSolution
		SolutionGuid = {F48A0D6D-3694-4C7A-AB4E-1FA52DA38837}
	EndGlobalSection
EndGlobal
